// !$*UTF8*$!
{
	archiveVersion = 1;
	classes = {
	};
	objectVersion = 46;
	objects = {

/* Begin PBXBuildFile section */
		43263B781CDBEAA400501244 /* TeakAir.h in CopyFiles */ = {isa = PBXBuildFile; fileRef = 43263B771CDBEAA400501244 /* TeakAir.h */; };
		43263B7A1CDBEAA400501244 /* TeakAir.m in Sources */ = {isa = PBXBuildFile; fileRef = 43263B791CDBEAA400501244 /* TeakAir.m */; };
/* End PBXBuildFile section */

/* Begin PBXCopyFilesBuildPhase section */
		43263B721CDBEAA300501244 /* CopyFiles */ = {
			isa = PBXCopyFilesBuildPhase;
			buildActionMask = 2147483647;
			dstPath = "include/$(PRODUCT_NAME)";
			dstSubfolderSpec = 16;
			files = (
				43263B781CDBEAA400501244 /* TeakAir.h in CopyFiles */,
			);
			runOnlyForDeploymentPostprocessing = 0;
		};
/* End PBXCopyFilesBuildPhase section */

/* Begin PBXFileReference section */
		43263B741CDBEAA300501244 /* libTeakAir.a */ = {isa = PBXFileReference; explicitFileType = archive.ar; includeInIndex = 0; path = libTeakAir.a; sourceTree = BUILT_PRODUCTS_DIR; };
		43263B771CDBEAA400501244 /* TeakAir.h */ = {isa = PBXFileReference; lastKnownFileType = sourcecode.c.h; path = TeakAir.h; sourceTree = "<group>"; };
		43263B791CDBEAA400501244 /* TeakAir.m */ = {isa = PBXFileReference; lastKnownFileType = sourcecode.c.objc; path = TeakAir.m; sourceTree = "<group>"; };
/* End PBXFileReference section */

/* Begin PBXFrameworksBuildPhase section */
		43263B711CDBEAA300501244 /* Frameworks */ = {
			isa = PBXFrameworksBuildPhase;
			buildActionMask = 2147483647;
			files = (
			);
			runOnlyForDeploymentPostprocessing = 0;
		};
/* End PBXFrameworksBuildPhase section */

/* Begin PBXGroup section */
		43263B6B1CDBEAA300501244 = {
			isa = PBXGroup;
			children = (
				43263B761CDBEAA400501244 /* TeakAir */,
				43263B751CDBEAA300501244 /* Products */,
			);
			sourceTree = "<group>";
		};
		43263B751CDBEAA300501244 /* Products */ = {
			isa = PBXGroup;
			children = (
				43263B741CDBEAA300501244 /* libTeakAir.a */,
			);
			name = Products;
			sourceTree = "<group>";
		};
		43263B761CDBEAA400501244 /* TeakAir */ = {
			isa = PBXGroup;
			children = (
				43263B771CDBEAA400501244 /* TeakAir.h */,
				43263B791CDBEAA400501244 /* TeakAir.m */,
			);
			path = TeakAir;
			sourceTree = "<group>";
		};
/* End PBXGroup section */

/* Begin PBXNativeTarget section */
		43263B731CDBEAA300501244 /* TeakAir */ = {
			isa = PBXNativeTarget;
			buildConfigurationList = 43263B7D1CDBEAA400501244 /* Build configuration list for PBXNativeTarget "TeakAir" */;
			buildPhases = (
				43263B701CDBEAA300501244 /* Sources */,
				43263B711CDBEAA300501244 /* Frameworks */,
				43263B721CDBEAA300501244 /* CopyFiles */,
			);
			buildRules = (
			);
			dependencies = (
			);
			name = TeakAir;
			productName = TeakAir;
			productReference = 43263B741CDBEAA300501244 /* libTeakAir.a */;
			productType = "com.apple.product-type.library.static";
		};
/* End PBXNativeTarget section */

/* Begin PBXProject section */
		43263B6C1CDBEAA300501244 /* Project object */ = {
			isa = PBXProject;
			attributes = {
				LastUpgradeCheck = 0730;
				ORGANIZATIONNAME = "GoCarrot Inc.";
				TargetAttributes = {
					43263B731CDBEAA300501244 = {
						CreatedOnToolsVersion = 7.3;
					};
				};
			};
			buildConfigurationList = 43263B6F1CDBEAA300501244 /* Build configuration list for PBXProject "TeakAir" */;
			compatibilityVersion = "Xcode 3.2";
			developmentRegion = English;
			hasScannedForEncodings = 0;
			knownRegions = (
				en,
			);
			mainGroup = 43263B6B1CDBEAA300501244;
			productRefGroup = 43263B751CDBEAA300501244 /* Products */;
			projectDirPath = "";
			projectRoot = "";
			targets = (
				43263B731CDBEAA300501244 /* TeakAir */,
			);
		};
/* End PBXProject section */

/* Begin PBXSourcesBuildPhase section */
		43263B701CDBEAA300501244 /* Sources */ = {
			isa = PBXSourcesBuildPhase;
			buildActionMask = 2147483647;
			files = (
				43263B7A1CDBEAA400501244 /* TeakAir.m in Sources */,
			);
			runOnlyForDeploymentPostprocessing = 0;
		};
/* End PBXSourcesBuildPhase section */

/* Begin XCBuildConfiguration section */
		43263B7B1CDBEAA400501244 /* Debug */ = {
			isa = XCBuildConfiguration;
			buildSettings = {
				ALWAYS_SEARCH_USER_PATHS = NO;
				CLANG_ANALYZER_NONNULL = YES;
				CLANG_CXX_LANGUAGE_STANDARD = "gnu++0x";
				CLANG_CXX_LIBRARY = "libc++";
				CLANG_ENABLE_MODULES = YES;
				CLANG_ENABLE_OBJC_ARC = YES;
				CLANG_WARN_BOOL_CONVERSION = YES;
				CLANG_WARN_CONSTANT_CONVERSION = YES;
				CLANG_WARN_DIRECT_OBJC_ISA_USAGE = YES_ERROR;
				CLANG_WARN_EMPTY_BODY = YES;
				CLANG_WARN_ENUM_CONVERSION = YES;
				CLANG_WARN_INT_CONVERSION = YES;
				CLANG_WARN_OBJC_ROOT_CLASS = YES_ERROR;
				CLANG_WARN_UNREACHABLE_CODE = YES;
				CLANG_WARN__DUPLICATE_METHOD_MATCH = YES;
				"CODE_SIGN_IDENTITY[sdk=iphoneos*]" = "iPhone Developer";
				COPY_PHASE_STRIP = NO;
				DEBUG_INFORMATION_FORMAT = dwarf;
				ENABLE_STRICT_OBJC_MSGSEND = YES;
				ENABLE_TESTABILITY = YES;
				GCC_C_LANGUAGE_STANDARD = gnu99;
				GCC_DYNAMIC_NO_PIC = NO;
				GCC_NO_COMMON_BLOCKS = YES;
				GCC_OPTIMIZATION_LEVEL = 0;
				GCC_PREPROCESSOR_DEFINITIONS = (
					"DEBUG=1",
					"$(inherited)",
				);
				GCC_WARN_64_TO_32_BIT_CONVERSION = YES;
				GCC_WARN_ABOUT_RETURN_TYPE = YES_ERROR;
				GCC_WARN_UNDECLARED_SELECTOR = YES;
				GCC_WARN_UNINITIALIZED_AUTOS = YES_AGGRESSIVE;
				GCC_WARN_UNUSED_FUNCTION = YES;
				GCC_WARN_UNUSED_VARIABLE = YES;
				IPHONEOS_DEPLOYMENT_TARGET = 9.3;
				MTL_ENABLE_DEBUG_INFO = YES;
				ONLY_ACTIVE_ARCH = YES;
				SDKROOT = iphoneos;
			};
			name = Debug;
		};
		43263B7C1CDBEAA400501244 /* Release */ = {
			isa = XCBuildConfiguration;
			buildSettings = {
				ALWAYS_SEARCH_USER_PATHS = NO;
				CLANG_ANALYZER_NONNULL = YES;
				CLANG_CXX_LANGUAGE_STANDARD = "gnu++0x";
				CLANG_CXX_LIBRARY = "libc++";
				CLANG_ENABLE_MODULES = YES;
				CLANG_ENABLE_OBJC_ARC = YES;
				CLANG_WARN_BOOL_CONVERSION = YES;
				CLANG_WARN_CONSTANT_CONVERSION = YES;
				CLANG_WARN_DIRECT_OBJC_ISA_USAGE = YES_ERROR;
				CLANG_WARN_EMPTY_BODY = YES;
				CLANG_WARN_ENUM_CONVERSION = YES;
				CLANG_WARN_INT_CONVERSION = YES;
				CLANG_WARN_OBJC_ROOT_CLASS = YES_ERROR;
				CLANG_WARN_UNREACHABLE_CODE = YES;
				CLANG_WARN__DUPLICATE_METHOD_MATCH = YES;
				"CODE_SIGN_IDENTITY[sdk=iphoneos*]" = "iPhone Developer";
				COPY_PHASE_STRIP = NO;
				DEBUG_INFORMATION_FORMAT = "dwarf-with-dsym";
				ENABLE_NS_ASSERTIONS = NO;
				ENABLE_STRICT_OBJC_MSGSEND = YES;
				GCC_C_LANGUAGE_STANDARD = gnu99;
				GCC_NO_COMMON_BLOCKS = YES;
				GCC_WARN_64_TO_32_BIT_CONVERSION = YES;
				GCC_WARN_ABOUT_RETURN_TYPE = YES_ERROR;
				GCC_WARN_UNDECLARED_SELECTOR = YES;
				GCC_WARN_UNINITIALIZED_AUTOS = YES_AGGRESSIVE;
				GCC_WARN_UNUSED_FUNCTION = YES;
				GCC_WARN_UNUSED_VARIABLE = YES;
				IPHONEOS_DEPLOYMENT_TARGET = 9.3;
				MTL_ENABLE_DEBUG_INFO = NO;
				SDKROOT = iphoneos;
				VALIDATE_PRODUCT = YES;
			};
			name = Release;
		};
		43263B7E1CDBEAA400501244 /* Debug */ = {
			isa = XCBuildConfiguration;
			buildSettings = {
				DEAD_CODE_STRIPPING = NO;
				ONLY_ACTIVE_ARCH = NO;
				OTHER_LDFLAGS = "-ObjC";
				PRODUCT_NAME = "$(TARGET_NAME)";
				SKIP_INSTALL = YES;
				STRIP_INSTALLED_PRODUCT = NO;
			};
			name = Debug;
		};
		43263B7F1CDBEAA400501244 /* Release */ = {
			isa = XCBuildConfiguration;
			buildSettings = {
				DEAD_CODE_STRIPPING = NO;
				ONLY_ACTIVE_ARCH = NO;
				OTHER_LDFLAGS = "-ObjC";
				PRODUCT_NAME = "$(TARGET_NAME)";
				SKIP_INSTALL = YES;
				STRIP_INSTALLED_PRODUCT = NO;
			};
			name = Release;
		};
/* End XCBuildConfiguration section */

/* Begin XCConfigurationList section */
		43263B6F1CDBEAA300501244 /* Build configuration list for PBXProject "TeakAir" */ = {
			isa = XCConfigurationList;
			buildConfigurations = (
				43263B7B1CDBEAA400501244 /* Debug */,
				43263B7C1CDBEAA400501244 /* Release */,
			);
			defaultConfigurationIsVisible = 0;
			defaultConfigurationName = Release;
		};
		43263B7D1CDBEAA400501244 /* Build configuration list for PBXNativeTarget "TeakAir" */ = {
			isa = XCConfigurationList;
			buildConfigurations = (
				43263B7E1CDBEAA400501244 /* Debug */,
				43263B7F1CDBEAA400501244 /* Release */,
			);
			defaultConfigurationIsVisible = 0;
			defaultConfigurationName = Release;
		};
/* End XCConfigurationList section */
	};
	rootObject = 43263B6C1CDBEAA300501244 /* Project object */;
}
